PODS:
  - FTMTableSectionModules (0.1.7)

DEPENDENCIES:
  - FTMTableSectionModules (from `../`)

EXTERNAL SOURCES:
  FTMTableSectionModules:
    :path: "../"

SPEC CHECKSUMS:
  FTMTableSectionModules: d83395887cf2c1965a1133246e2262973932430d

PODFILE CHECKSUM: cbafd63dc7a38834b43d3a34ea9b0360a940aa5b

COCOAPODS: 1.5.0
