PODS:
  - FTMTableSectionModules (0.2.0)

DEPENDENCIES:
  - FTMTableSectionModules (from `../`)

EXTERNAL SOURCES:
  FTMTableSectionModules:
    :path: "../"

SPEC CHECKSUMS:
  FTMTableSectionModules: 63ed9a123e3039f39b3f0a46368ad0942465480c

PODFILE CHECKSUM: cbafd63dc7a38834b43d3a34ea9b0360a940aa5b

COCOAPODS: 1.6.1
