PODS:
  - FTMTableSectionModules (0.1.0)

DEPENDENCIES:
  - FTMTableSectionModules (from `../`)

EXTERNAL SOURCES:
  FTMTableSectionModules:
    :path: ../

SPEC CHECKSUMS:
  FTMTableSectionModules: 98a95b49cf99370626801e989f9e2bac150e7fc4

PODFILE CHECKSUM: 0ad70c3b7e39b7ffbcad2d265f54025cf8489d77

COCOAPODS: 1.0.0
