{
  "object": {
    "pins": [
      {
        "package": "CombinationGenerator",
        "repositoryURL": "https://github.com/cosmicfools/CombinationGenerator",
        "state": {
          "branch": null,
          "revision": "48fe12420a4765c126af9799540f474da5848f3c",
          "version": "0.2.3"
        }
      },
      {
        "package": "Runtime",
        "repositoryURL": "https://github.com/wickwirew/Runtime.git",
        "state": {
          "branch": null,
          "revision": "a848b81e1a0100801f572e5273ffe4352fd54088",
          "version": "2.2.2"
        }
      }
    ]
  },
  "version": 1
}
